
Microsoft Visual Studio Solution File, Format Version 12.00
# Visual Studio Version 17
VisualStudioVersion = 17.6.33723.286
MinimumVisualStudioVersion = 10.0.40219.1
Project("{FAE04EC0-301F-11D3-BF4B-00C04F79EFBC}") = "StreamingAPI.Core", "StreamingAPI.Core.csproj", "{745E398B-3073-46A7-B040-36A233664971}"
EndProject
Global
	GlobalSection(SolutionConfigurationPlatforms) = preSolution
		Debug|Any CPU = Debug|Any CPU
		Release|Any CPU = Release|Any CPU
	EndGlobalSection
	GlobalSection(ProjectConfigurationPlatforms) = postSolution
		{745E398B-3073-46A7-B040-36A233664971}.Debug|Any CPU.ActiveCfg = Debug|Any CPU
		{745E398B-3073-46A7-B040-36A233664971}.Debug|Any CPU.Build.0 = Debug|Any CPU
		{745E398B-3073-46A7-B040-36A233664971}.Release|Any CPU.ActiveCfg = Release|Any CPU
		{745E398B-3073-46A7-B040-36A233664971}.Release|Any CPU.Build.0 = Release|Any CPU
	EndGlobalSection
	GlobalSection(SolutionProperties) = preSolution
		HideSolutionNode = FALSE
	EndGlobalSection
	GlobalSection(ExtensibilityGlobals) = postSolution
		SolutionGuid = {B7889673-A07D-474A-9C1C-58C596619F67}
	EndGlobalSection
EndGlobal
